
Microsoft Visual Studio Solution File, Format Version 12.00
# Visual Studio Version 17
VisualStudioVersion = 17.6.33723.286
MinimumVisualStudioVersion = 10.0.40219.1
Project("{FAE04EC0-301F-11D3-BF4B-00C04F79EFBC}") = "HuaweiModbus", "HuaweiModbus.csproj", "{77D9C4CF-EA5F-41D8-B177-2975F2EC90F1}"
EndProject
Project("{FAE04EC0-301F-11D3-BF4B-00C04F79EFBC}") = "NibeModbus", "..\NibeModbus\NibeModbus.csproj", "{6E17B1A8-2307-42D8-B130-AC0216417313}"
EndProject
Project("{FAE04EC0-301F-11D3-BF4B-00C04F79EFBC}") = "LogicNodesModbusHelper", "..\LogicNodesModbusHelper\LogicNodesModbusHelper.csproj", "{5B2022F6-D663-4E49-AE95-3F546A696199}"
EndProject
Project("{FAE04EC0-301F-11D3-BF4B-00C04F79EFBC}") = "ApplicationTest", "..\ApplicationTest\ApplicationTest.csproj", "{87E47839-8D32-437D-9E56-A20FFE304E54}"
EndProject
Project("{FAE04EC0-301F-11D3-BF4B-00C04F79EFBC}") = "Forecast", "..\ForecastNode\Forecast.csproj", "{7829788C-E2A3-487E-9603-23FA239BF8FD}"
EndProject
Global
	GlobalSection(SolutionConfigurationPlatforms) = preSolution
		Debug|Any CPU = Debug|Any CPU
		Release|Any CPU = Release|Any CPU
	EndGlobalSection
	GlobalSection(ProjectConfigurationPlatforms) = postSolution
		{77D9C4CF-EA5F-41D8-B177-2975F2EC90F1}.Debug|Any CPU.ActiveCfg = Debug|Any CPU
		{77D9C4CF-EA5F-41D8-B177-2975F2EC90F1}.Debug|Any CPU.Build.0 = Debug|Any CPU
		{77D9C4CF-EA5F-41D8-B177-2975F2EC90F1}.Release|Any CPU.ActiveCfg = Release|Any CPU
		{77D9C4CF-EA5F-41D8-B177-2975F2EC90F1}.Release|Any CPU.Build.0 = Release|Any CPU
		{6E17B1A8-2307-42D8-B130-AC0216417313}.Debug|Any CPU.ActiveCfg = Debug|Any CPU
		{6E17B1A8-2307-42D8-B130-AC0216417313}.Debug|Any CPU.Build.0 = Debug|Any CPU
		{6E17B1A8-2307-42D8-B130-AC0216417313}.Release|Any CPU.ActiveCfg = Release|Any CPU
		{6E17B1A8-2307-42D8-B130-AC0216417313}.Release|Any CPU.Build.0 = Release|Any CPU
		{5B2022F6-D663-4E49-AE95-3F546A696199}.Debug|Any CPU.ActiveCfg = Debug|Any CPU
		{5B2022F6-D663-4E49-AE95-3F546A696199}.Debug|Any CPU.Build.0 = Debug|Any CPU
		{5B2022F6-D663-4E49-AE95-3F546A696199}.Release|Any CPU.ActiveCfg = Release|Any CPU
		{5B2022F6-D663-4E49-AE95-3F546A696199}.Release|Any CPU.Build.0 = Release|Any CPU
		{87E47839-8D32-437D-9E56-A20FFE304E54}.Debug|Any CPU.ActiveCfg = Debug|Any CPU
		{87E47839-8D32-437D-9E56-A20FFE304E54}.Debug|Any CPU.Build.0 = Debug|Any CPU
		{87E47839-8D32-437D-9E56-A20FFE304E54}.Release|Any CPU.ActiveCfg = Release|Any CPU
		{87E47839-8D32-437D-9E56-A20FFE304E54}.Release|Any CPU.Build.0 = Release|Any CPU
		{7829788C-E2A3-487E-9603-23FA239BF8FD}.Debug|Any CPU.ActiveCfg = Debug|Any CPU
		{7829788C-E2A3-487E-9603-23FA239BF8FD}.Debug|Any CPU.Build.0 = Debug|Any CPU
		{7829788C-E2A3-487E-9603-23FA239BF8FD}.Release|Any CPU.ActiveCfg = Release|Any CPU
		{7829788C-E2A3-487E-9603-23FA239BF8FD}.Release|Any CPU.Build.0 = Release|Any CPU
	EndGlobalSection
	GlobalSection(SolutionProperties) = preSolution
		HideSolutionNode = FALSE
	EndGlobalSection
	GlobalSection(ExtensibilityGlobals) = postSolution
		SolutionGuid = {B7BDB336-1E22-4B9B-9B86-5C81FACA2506}
	EndGlobalSection
EndGlobal
